// !$*UTF8*$!
{
	archiveVersion = 1;
	classes = {
	};
	objectVersion = 46;
	objects = {

/* Begin PBXBuildFile section */
		AD64E4B139D0298F243B68C9 /* Pods_s10_pokedex.framework in Frameworks */ = {isa = PBXBuildFile; fileRef = 4FB6759A1DDA8D6096542691 /* Pods_s10_pokedex.framework */; };
		DE78B5531D92993A00C0AB9A /* Constants.swift in Sources */ = {isa = PBXBuildFile; fileRef = DE78B5521D92993A00C0AB9A /* Constants.swift */; };
		DEE006241D913A1F00D817A2 /* AppDelegate.swift in Sources */ = {isa = PBXBuildFile; fileRef = DEE006231D913A1F00D817A2 /* AppDelegate.swift */; };
		DEE006261D913A1F00D817A2 /* ViewController.swift in Sources */ = {isa = PBXBuildFile; fileRef = DEE006251D913A1F00D817A2 /* ViewController.swift */; };
		DEE006291D913A1F00D817A2 /* Main.storyboard in Resources */ = {isa = PBXBuildFile; fileRef = DEE006271D913A1F00D817A2 /* Main.storyboard */; };
		DEE0062B1D913A1F00D817A2 /* Assets.xcassets in Resources */ = {isa = PBXBuildFile; fileRef = DEE0062A1D913A1F00D817A2 /* Assets.xcassets */; };
		DEE0062E1D913A1F00D817A2 /* LaunchScreen.storyboard in Resources */ = {isa = PBXBuildFile; fileRef = DEE0062C1D913A1F00D817A2 /* LaunchScreen.storyboard */; };
		DEE0063A1D9142C500D817A2 /* pokemon.csv in Resources */ = {isa = PBXBuildFile; fileRef = DEE006391D9142C500D817A2 /* pokemon.csv */; };
		DEE0063C1D91445400D817A2 /* Pokemon.swift in Sources */ = {isa = PBXBuildFile; fileRef = DEE0063B1D91445400D817A2 /* Pokemon.swift */; };
		DEE0063F1D91460A00D817A2 /* music.mp3 in Resources */ = {isa = PBXBuildFile; fileRef = DEE0063E1D91460A00D817A2 /* music.mp3 */; };
		DEE006411D9149E400D817A2 /* PokeCell.swift in Sources */ = {isa = PBXBuildFile; fileRef = DEE006401D9149E400D817A2 /* PokeCell.swift */; };
		DEE006431D915B3800D817A2 /* XLabel.swift in Sources */ = {isa = PBXBuildFile; fileRef = DEE006421D915B3700D817A2 /* XLabel.swift */; };
		DEE006461D915EC900D817A2 /* CSV.swift in Sources */ = {isa = PBXBuildFile; fileRef = DEE006451D915EC900D817A2 /* CSV.swift */; };
		DEE006481D91634600D817A2 /* PokemonSolid.ttf in Resources */ = {isa = PBXBuildFile; fileRef = DEE006471D91634600D817A2 /* PokemonSolid.ttf */; };
		DEE0064A1D918C6800D817A2 /* XSearchBar.swift in Sources */ = {isa = PBXBuildFile; fileRef = DEE006491D918C6800D817A2 /* XSearchBar.swift */; };
		DEE0064C1D9194D100D817A2 /* PokemonDetailVC.swift in Sources */ = {isa = PBXBuildFile; fileRef = DEE0064B1D9194D100D817A2 /* PokemonDetailVC.swift */; };
/* End PBXBuildFile section */

/* Begin PBXFileReference section */
		4FB6759A1DDA8D6096542691 /* Pods_s10_pokedex.framework */ = {isa = PBXFileReference; explicitFileType = wrapper.framework; includeInIndex = 0; path = Pods_s10_pokedex.framework; sourceTree = BUILT_PRODUCTS_DIR; };
		5B77966DF53B060221ED9925 /* Pods-s10-pokedex.release.xcconfig */ = {isa = PBXFileReference; includeInIndex = 1; lastKnownFileType = text.xcconfig; name = "Pods-s10-pokedex.release.xcconfig"; path = "Pods/Target Support Files/Pods-s10-pokedex/Pods-s10-pokedex.release.xcconfig"; sourceTree = "<group>"; };
		DE78B5521D92993A00C0AB9A /* Constants.swift */ = {isa = PBXFileReference; fileEncoding = 4; lastKnownFileType = sourcecode.swift; name = Constants.swift; path = Utils/Constants.swift; sourceTree = "<group>"; };
		DEE006201D913A1E00D817A2 /* s10-pokedex.app */ = {isa = PBXFileReference; explicitFileType = wrapper.application; includeInIndex = 0; path = "s10-pokedex.app"; sourceTree = BUILT_PRODUCTS_DIR; };
		DEE006231D913A1F00D817A2 /* AppDelegate.swift */ = {isa = PBXFileReference; lastKnownFileType = sourcecode.swift; path = AppDelegate.swift; sourceTree = "<group>"; };
		DEE006251D913A1F00D817A2 /* ViewController.swift */ = {isa = PBXFileReference; lastKnownFileType = sourcecode.swift; path = ViewController.swift; sourceTree = "<group>"; };
		DEE006281D913A1F00D817A2 /* Base */ = {isa = PBXFileReference; lastKnownFileType = file.storyboard; name = Base; path = Base.lproj/Main.storyboard; sourceTree = "<group>"; };
		DEE0062A1D913A1F00D817A2 /* Assets.xcassets */ = {isa = PBXFileReference; lastKnownFileType = folder.assetcatalog; path = Assets.xcassets; sourceTree = "<group>"; };
		DEE0062D1D913A1F00D817A2 /* Base */ = {isa = PBXFileReference; lastKnownFileType = file.storyboard; name = Base; path = Base.lproj/LaunchScreen.storyboard; sourceTree = "<group>"; };
		DEE0062F1D913A1F00D817A2 /* Info.plist */ = {isa = PBXFileReference; lastKnownFileType = text.plist.xml; path = Info.plist; sourceTree = "<group>"; };
		DEE006391D9142C500D817A2 /* pokemon.csv */ = {isa = PBXFileReference; fileEncoding = 4; lastKnownFileType = text; path = pokemon.csv; sourceTree = "<group>"; };
		DEE0063B1D91445400D817A2 /* Pokemon.swift */ = {isa = PBXFileReference; fileEncoding = 4; lastKnownFileType = sourcecode.swift; name = Pokemon.swift; path = Model/Pokemon.swift; sourceTree = "<group>"; };
		DEE0063E1D91460A00D817A2 /* music.mp3 */ = {isa = PBXFileReference; lastKnownFileType = audio.mp3; path = music.mp3; sourceTree = "<group>"; };
		DEE006401D9149E400D817A2 /* PokeCell.swift */ = {isa = PBXFileReference; fileEncoding = 4; lastKnownFileType = sourcecode.swift; name = PokeCell.swift; path = View/PokeCell.swift; sourceTree = "<group>"; };
		DEE006421D915B3700D817A2 /* XLabel.swift */ = {isa = PBXFileReference; fileEncoding = 4; lastKnownFileType = sourcecode.swift; name = XLabel.swift; path = View/XLabel.swift; sourceTree = "<group>"; };
		DEE006451D915EC900D817A2 /* CSV.swift */ = {isa = PBXFileReference; fileEncoding = 4; lastKnownFileType = sourcecode.swift; name = CSV.swift; path = Utils/CSV.swift; sourceTree = "<group>"; };
		DEE006471D91634600D817A2 /* PokemonSolid.ttf */ = {isa = PBXFileReference; lastKnownFileType = file; path = PokemonSolid.ttf; sourceTree = "<group>"; };
		DEE006491D918C6800D817A2 /* XSearchBar.swift */ = {isa = PBXFileReference; fileEncoding = 4; lastKnownFileType = sourcecode.swift; name = XSearchBar.swift; path = View/XSearchBar.swift; sourceTree = "<group>"; };
		DEE0064B1D9194D100D817A2 /* PokemonDetailVC.swift */ = {isa = PBXFileReference; fileEncoding = 4; lastKnownFileType = sourcecode.swift; name = PokemonDetailVC.swift; path = Controller/PokemonDetailVC.swift; sourceTree = "<group>"; };
		DF4DD6F602D5657E59FAFF46 /* Pods-s10-pokedex.debug.xcconfig */ = {isa = PBXFileReference; includeInIndex = 1; lastKnownFileType = text.xcconfig; name = "Pods-s10-pokedex.debug.xcconfig"; path = "Pods/Target Support Files/Pods-s10-pokedex/Pods-s10-pokedex.debug.xcconfig"; sourceTree = "<group>"; };
/* End PBXFileReference section */

/* Begin PBXFrameworksBuildPhase section */
		DEE0061D1D913A1E00D817A2 /* Frameworks */ = {
			isa = PBXFrameworksBuildPhase;
			buildActionMask = 2147483647;
			files = (
				AD64E4B139D0298F243B68C9 /* Pods_s10_pokedex.framework in Frameworks */,
			);
			runOnlyForDeploymentPostprocessing = 0;
		};
/* End PBXFrameworksBuildPhase section */

/* Begin PBXGroup section */
		20A660783E8BA49BD8B1BC85 /* Frameworks */ = {
			isa = PBXGroup;
			children = (
				4FB6759A1DDA8D6096542691 /* Pods_s10_pokedex.framework */,
			);
			name = Frameworks;
			sourceTree = "<group>";
		};
		D82B76437990491937F04510 /* Pods */ = {
			isa = PBXGroup;
			children = (
				DF4DD6F602D5657E59FAFF46 /* Pods-s10-pokedex.debug.xcconfig */,
				5B77966DF53B060221ED9925 /* Pods-s10-pokedex.release.xcconfig */,
			);
			name = Pods;
			sourceTree = "<group>";
		};
		DEE006171D913A1D00D817A2 = {
			isa = PBXGroup;
			children = (
				DEE006221D913A1F00D817A2 /* s10-pokedex */,
				DEE006211D913A1E00D817A2 /* Products */,
				D82B76437990491937F04510 /* Pods */,
				20A660783E8BA49BD8B1BC85 /* Frameworks */,
			);
			sourceTree = "<group>";
		};
		DEE006211D913A1E00D817A2 /* Products */ = {
			isa = PBXGroup;
			children = (
				DEE006201D913A1E00D817A2 /* s10-pokedex.app */,
			);
			name = Products;
			sourceTree = "<group>";
		};
		DEE006221D913A1F00D817A2 /* s10-pokedex */ = {
			isa = PBXGroup;
			children = (
				DEE006231D913A1F00D817A2 /* AppDelegate.swift */,
				DEE006381D913CAE00D817A2 /* Model */,
				DEE006371D913CAA00D817A2 /* View */,
				DEE006361D913CA400D817A2 /* Controller */,
				DEE006441D915E9800D817A2 /* Utils */,
				DEE0062A1D913A1F00D817A2 /* Assets.xcassets */,
				DEE0063D1D9145F500D817A2 /* assets */,
				DEE0062F1D913A1F00D817A2 /* Info.plist */,
			);
			path = "s10-pokedex";
			sourceTree = "<group>";
		};
		DEE006361D913CA400D817A2 /* Controller */ = {
			isa = PBXGroup;
			children = (
				DEE006251D913A1F00D817A2 /* ViewController.swift */,
				DEE0064B1D9194D100D817A2 /* PokemonDetailVC.swift */,
			);
			name = Controller;
			sourceTree = "<group>";
		};
		DEE006371D913CAA00D817A2 /* View */ = {
			isa = PBXGroup;
			children = (
				DEE006271D913A1F00D817A2 /* Main.storyboard */,
				DEE0062C1D913A1F00D817A2 /* LaunchScreen.storyboard */,
				DEE006401D9149E400D817A2 /* PokeCell.swift */,
				DEE006421D915B3700D817A2 /* XLabel.swift */,
				DEE006491D918C6800D817A2 /* XSearchBar.swift */,
			);
			name = View;
			sourceTree = "<group>";
		};
		DEE006381D913CAE00D817A2 /* Model */ = {
			isa = PBXGroup;
			children = (
				DEE0063B1D91445400D817A2 /* Pokemon.swift */,
			);
			name = Model;
			sourceTree = "<group>";
		};
		DEE0063D1D9145F500D817A2 /* assets */ = {
			isa = PBXGroup;
			children = (
				DEE006471D91634600D817A2 /* PokemonSolid.ttf */,
				DEE0063E1D91460A00D817A2 /* music.mp3 */,
				DEE006391D9142C500D817A2 /* pokemon.csv */,
			);
			name = assets;
			sourceTree = "<group>";
		};
		DEE006441D915E9800D817A2 /* Utils */ = {
			isa = PBXGroup;
			children = (
				DEE006451D915EC900D817A2 /* CSV.swift */,
				DE78B5521D92993A00C0AB9A /* Constants.swift */,
			);
			name = Utils;
			sourceTree = "<group>";
		};
/* End PBXGroup section */

/* Begin PBXNativeTarget section */
		DEE0061F1D913A1E00D817A2 /* s10-pokedex */ = {
			isa = PBXNativeTarget;
			buildConfigurationList = DEE006321D913A1F00D817A2 /* Build configuration list for PBXNativeTarget "s10-pokedex" */;
			buildPhases = (
				48E119FD616FBBD84E2DF288 /* [CP] Check Pods Manifest.lock */,
				DEE006351D913A3900D817A2 /* ShellScript */,
				DEE0061C1D913A1E00D817A2 /* Sources */,
				DEE0061D1D913A1E00D817A2 /* Frameworks */,
				DEE0061E1D913A1E00D817A2 /* Resources */,
				3ECB2B767A86F7DDA9E1B1A8 /* [CP] Embed Pods Frameworks */,
				062C7FBB8C3A310057271538 /* [CP] Copy Pods Resources */,
			);
			buildRules = (
			);
			dependencies = (
			);
			name = "s10-pokedex";
			productName = "s10-pokedex";
			productReference = DEE006201D913A1E00D817A2 /* s10-pokedex.app */;
			productType = "com.apple.product-type.application";
		};
/* End PBXNativeTarget section */

/* Begin PBXProject section */
		DEE006181D913A1D00D817A2 /* Project object */ = {
			isa = PBXProject;
			attributes = {
				LastSwiftUpdateCheck = 0730;
				LastUpgradeCheck = 0730;
				ORGANIZATIONNAME = "Commelius Solutions Ltd.";
				TargetAttributes = {
					DEE0061F1D913A1E00D817A2 = {
						CreatedOnToolsVersion = 7.3.1;
					};
				};
			};
			buildConfigurationList = DEE0061B1D913A1D00D817A2 /* Build configuration list for PBXProject "s10-pokedex" */;
			compatibilityVersion = "Xcode 3.2";
			developmentRegion = English;
			hasScannedForEncodings = 0;
			knownRegions = (
				en,
				Base,
			);
			mainGroup = DEE006171D913A1D00D817A2;
			productRefGroup = DEE006211D913A1E00D817A2 /* Products */;
			projectDirPath = "";
			projectRoot = "";
			targets = (
				DEE0061F1D913A1E00D817A2 /* s10-pokedex */,
			);
		};
/* End PBXProject section */

/* Begin PBXResourcesBuildPhase section */
		DEE0061E1D913A1E00D817A2 /* Resources */ = {
			isa = PBXResourcesBuildPhase;
			buildActionMask = 2147483647;
			files = (
				DEE0063F1D91460A00D817A2 /* music.mp3 in Resources */,
				DEE0062E1D913A1F00D817A2 /* LaunchScreen.storyboard in Resources */,
				DEE006481D91634600D817A2 /* PokemonSolid.ttf in Resources */,
				DEE0062B1D913A1F00D817A2 /* Assets.xcassets in Resources */,
				DEE0063A1D9142C500D817A2 /* pokemon.csv in Resources */,
				DEE006291D913A1F00D817A2 /* Main.storyboard in Resources */,
			);
			runOnlyForDeploymentPostprocessing = 0;
		};
/* End PBXResourcesBuildPhase section */

/* Begin PBXShellScriptBuildPhase section */
		062C7FBB8C3A310057271538 /* [CP] Copy Pods Resources */ = {
			isa = PBXShellScriptBuildPhase;
			buildActionMask = 2147483647;
			files = (
			);
			inputPaths = (
			);
			name = "[CP] Copy Pods Resources";
			outputPaths = (
			);
			runOnlyForDeploymentPostprocessing = 0;
			shellPath = /bin/sh;
			shellScript = "\"${SRCROOT}/Pods/Target Support Files/Pods-s10-pokedex/Pods-s10-pokedex-resources.sh\"\n";
			showEnvVarsInLog = 0;
		};
		3ECB2B767A86F7DDA9E1B1A8 /* [CP] Embed Pods Frameworks */ = {
			isa = PBXShellScriptBuildPhase;
			buildActionMask = 2147483647;
			files = (
			);
			inputPaths = (
			);
			name = "[CP] Embed Pods Frameworks";
			outputPaths = (
			);
			runOnlyForDeploymentPostprocessing = 0;
			shellPath = /bin/sh;
			shellScript = "\"${SRCROOT}/Pods/Target Support Files/Pods-s10-pokedex/Pods-s10-pokedex-frameworks.sh\"\n";
			showEnvVarsInLog = 0;
		};
		48E119FD616FBBD84E2DF288 /* [CP] Check Pods Manifest.lock */ = {
			isa = PBXShellScriptBuildPhase;
			buildActionMask = 2147483647;
			files = (
			);
			inputPaths = (
			);
			name = "[CP] Check Pods Manifest.lock";
			outputPaths = (
			);
			runOnlyForDeploymentPostprocessing = 0;
			shellPath = /bin/sh;
			shellScript = "diff \"${PODS_ROOT}/../Podfile.lock\" \"${PODS_ROOT}/Manifest.lock\" > /dev/null\nif [[ $? != 0 ]] ; then\n    cat << EOM\nerror: The sandbox is not in sync with the Podfile.lock. Run 'pod install' or update your CocoaPods installation.\nEOM\n    exit 1\nfi\n";
			showEnvVarsInLog = 0;
		};
		DEE006351D913A3900D817A2 /* ShellScript */ = {
			isa = PBXShellScriptBuildPhase;
			buildActionMask = 2147483647;
			files = (
			);
			inputPaths = (
			);
			outputPaths = (
			);
			runOnlyForDeploymentPostprocessing = 0;
			shellPath = /bin/bash;
			shellScript = "buildNumber=$(/usr/libexec/PlistBuddy -c \"Print CFBundleVersion\" \"$INFOPLIST_FILE\")\nbuildNumber=$(($buildNumber + 1))\n/usr/libexec/PlistBuddy -c \"Set :CFBundleVersion $buildNumber\" \"$INFOPLIST_FILE\"\n\n# if CFBundleDate is string then this returns iso8601 format\n#date=$(date +\"%Y-%m-%dT%H:%M:%S.000Z\")\n\n# if CFBundleDate is NSDate then this format is correct\ndate=$(date -u +\"%a %b %d %T GMT %Y\")\n/usr/libexec/PlistBuddy -c \"Set :CFBundleDate $date\" \"$INFOPLIST_FILE\"";
		};
/* End PBXShellScriptBuildPhase section */

/* Begin PBXSourcesBuildPhase section */
		DEE0061C1D913A1E00D817A2 /* Sources */ = {
			isa = PBXSourcesBuildPhase;
			buildActionMask = 2147483647;
			files = (
				DEE0064A1D918C6800D817A2 /* XSearchBar.swift in Sources */,
				DEE006411D9149E400D817A2 /* PokeCell.swift in Sources */,
				DEE006431D915B3800D817A2 /* XLabel.swift in Sources */,
				DEE006461D915EC900D817A2 /* CSV.swift in Sources */,
				DEE006261D913A1F00D817A2 /* ViewController.swift in Sources */,
				DEE0064C1D9194D100D817A2 /* PokemonDetailVC.swift in Sources */,
				DEE006241D913A1F00D817A2 /* AppDelegate.swift in Sources */,
				DEE0063C1D91445400D817A2 /* Pokemon.swift in Sources */,
				DE78B5531D92993A00C0AB9A /* Constants.swift in Sources */,
			);
			runOnlyForDeploymentPostprocessing = 0;
		};
/* End PBXSourcesBuildPhase section */

/* Begin PBXVariantGroup section */
		DEE006271D913A1F00D817A2 /* Main.storyboard */ = {
			isa = PBXVariantGroup;
			children = (
				DEE006281D913A1F00D817A2 /* Base */,
			);
			name = Main.storyboard;
			sourceTree = "<group>";
		};
		DEE0062C1D913A1F00D817A2 /* LaunchScreen.storyboard */ = {
			isa = PBXVariantGroup;
			children = (
				DEE0062D1D913A1F00D817A2 /* Base */,
			);
			name = LaunchScreen.storyboard;
			sourceTree = "<group>";
		};
/* End PBXVariantGroup section */

/* Begin XCBuildConfiguration section */
		DEE006301D913A1F00D817A2 /* Debug */ = {
			isa = XCBuildConfiguration;
			buildSettings = {
				ALWAYS_SEARCH_USER_PATHS = NO;
				CLANG_ANALYZER_NONNULL = YES;
				CLANG_CXX_LANGUAGE_STANDARD = "gnu++0x";
				CLANG_CXX_LIBRARY = "libc++";
				CLANG_ENABLE_MODULES = YES;
				CLANG_ENABLE_OBJC_ARC = YES;
				CLANG_WARN_BOOL_CONVERSION = YES;
				CLANG_WARN_CONSTANT_CONVERSION = YES;
				CLANG_WARN_DIRECT_OBJC_ISA_USAGE = YES_ERROR;
				CLANG_WARN_EMPTY_BODY = YES;
				CLANG_WARN_ENUM_CONVERSION = YES;
				CLANG_WARN_INT_CONVERSION = YES;
				CLANG_WARN_OBJC_ROOT_CLASS = YES_ERROR;
				CLANG_WARN_UNREACHABLE_CODE = YES;
				CLANG_WARN__DUPLICATE_METHOD_MATCH = YES;
				"CODE_SIGN_IDENTITY[sdk=iphoneos*]" = "iPhone Developer";
				COPY_PHASE_STRIP = NO;
				DEBUG_INFORMATION_FORMAT = dwarf;
				ENABLE_STRICT_OBJC_MSGSEND = YES;
				ENABLE_TESTABILITY = YES;
				GCC_C_LANGUAGE_STANDARD = gnu99;
				GCC_DYNAMIC_NO_PIC = NO;
				GCC_NO_COMMON_BLOCKS = YES;
				GCC_OPTIMIZATION_LEVEL = 0;
				GCC_PREPROCESSOR_DEFINITIONS = (
					"DEBUG=1",
					"$(inherited)",
				);
				GCC_WARN_64_TO_32_BIT_CONVERSION = YES;
				GCC_WARN_ABOUT_RETURN_TYPE = YES_ERROR;
				GCC_WARN_UNDECLARED_SELECTOR = YES;
				GCC_WARN_UNINITIALIZED_AUTOS = YES_AGGRESSIVE;
				GCC_WARN_UNUSED_FUNCTION = YES;
				GCC_WARN_UNUSED_VARIABLE = YES;
				IPHONEOS_DEPLOYMENT_TARGET = 9.3;
				MTL_ENABLE_DEBUG_INFO = YES;
				ONLY_ACTIVE_ARCH = YES;
				SDKROOT = iphoneos;
				SWIFT_OPTIMIZATION_LEVEL = "-Onone";
				TARGETED_DEVICE_FAMILY = "1,2";
			};
			name = Debug;
		};
		DEE006311D913A1F00D817A2 /* Release */ = {
			isa = XCBuildConfiguration;
			buildSettings = {
				ALWAYS_SEARCH_USER_PATHS = NO;
				CLANG_ANALYZER_NONNULL = YES;
				CLANG_CXX_LANGUAGE_STANDARD = "gnu++0x";
				CLANG_CXX_LIBRARY = "libc++";
				CLANG_ENABLE_MODULES = YES;
				CLANG_ENABLE_OBJC_ARC = YES;
				CLANG_WARN_BOOL_CONVERSION = YES;
				CLANG_WARN_CONSTANT_CONVERSION = YES;
				CLANG_WARN_DIRECT_OBJC_ISA_USAGE = YES_ERROR;
				CLANG_WARN_EMPTY_BODY = YES;
				CLANG_WARN_ENUM_CONVERSION = YES;
				CLANG_WARN_INT_CONVERSION = YES;
				CLANG_WARN_OBJC_ROOT_CLASS = YES_ERROR;
				CLANG_WARN_UNREACHABLE_CODE = YES;
				CLANG_WARN__DUPLICATE_METHOD_MATCH = YES;
				"CODE_SIGN_IDENTITY[sdk=iphoneos*]" = "iPhone Developer";
				COPY_PHASE_STRIP = NO;
				DEBUG_INFORMATION_FORMAT = "dwarf-with-dsym";
				ENABLE_NS_ASSERTIONS = NO;
				ENABLE_STRICT_OBJC_MSGSEND = YES;
				GCC_C_LANGUAGE_STANDARD = gnu99;
				GCC_NO_COMMON_BLOCKS = YES;
				GCC_WARN_64_TO_32_BIT_CONVERSION = YES;
				GCC_WARN_ABOUT_RETURN_TYPE = YES_ERROR;
				GCC_WARN_UNDECLARED_SELECTOR = YES;
				GCC_WARN_UNINITIALIZED_AUTOS = YES_AGGRESSIVE;
				GCC_WARN_UNUSED_FUNCTION = YES;
				GCC_WARN_UNUSED_VARIABLE = YES;
				IPHONEOS_DEPLOYMENT_TARGET = 9.3;
				MTL_ENABLE_DEBUG_INFO = NO;
				SDKROOT = iphoneos;
				TARGETED_DEVICE_FAMILY = "1,2";
				VALIDATE_PRODUCT = YES;
			};
			name = Release;
		};
		DEE006331D913A1F00D817A2 /* Debug */ = {
			isa = XCBuildConfiguration;
			baseConfigurationReference = DF4DD6F602D5657E59FAFF46 /* Pods-s10-pokedex.debug.xcconfig */;
			buildSettings = {
				ASSETCATALOG_COMPILER_APPICON_NAME = AppIcon;
				INFOPLIST_FILE = "s10-pokedex/Info.plist";
				LD_RUNPATH_SEARCH_PATHS = "$(inherited) @executable_path/Frameworks";
				PRODUCT_BUNDLE_IDENTIFIER = "com.commelius.ios.s10-pokedex";
				PRODUCT_NAME = "$(TARGET_NAME)";
			};
			name = Debug;
		};
		DEE006341D913A1F00D817A2 /* Release */ = {
			isa = XCBuildConfiguration;
			baseConfigurationReference = 5B77966DF53B060221ED9925 /* Pods-s10-pokedex.release.xcconfig */;
			buildSettings = {
				ASSETCATALOG_COMPILER_APPICON_NAME = AppIcon;
				INFOPLIST_FILE = "s10-pokedex/Info.plist";
				LD_RUNPATH_SEARCH_PATHS = "$(inherited) @executable_path/Frameworks";
				PRODUCT_BUNDLE_IDENTIFIER = "com.commelius.ios.s10-pokedex";
				PRODUCT_NAME = "$(TARGET_NAME)";
			};
			name = Release;
		};
/* End XCBuildConfiguration section */

/* Begin XCConfigurationList section */
		DEE0061B1D913A1D00D817A2 /* Build configuration list for PBXProject "s10-pokedex" */ = {
			isa = XCConfigurationList;
			buildConfigurations = (
				DEE006301D913A1F00D817A2 /* Debug */,
				DEE006311D913A1F00D817A2 /* Release */,
			);
			defaultConfigurationIsVisible = 0;
			defaultConfigurationName = Release;
		};
		DEE006321D913A1F00D817A2 /* Build configuration list for PBXNativeTarget "s10-pokedex" */ = {
			isa = XCConfigurationList;
			buildConfigurations = (
				DEE006331D913A1F00D817A2 /* Debug */,
				DEE006341D913A1F00D817A2 /* Release */,
			);
			defaultConfigurationIsVisible = 0;
			defaultConfigurationName = Release;
		};
/* End XCConfigurationList section */
	};
	rootObject = DEE006181D913A1D00D817A2 /* Project object */;
}
